
Microsoft Visual Studio Solution File, Format Version 12.00
Project("{FAE04EC0-301F-11D3-BF4B-00C04F79EFBC}") = "Study.Web.Api", "Study.Web.Api\Study.Web.Api.csproj", "{75FBBFA1-6999-4BDD-99D6-11E85BCB0D2B}"
EndProject
Project("{FAE04EC0-301F-11D3-BF4B-00C04F79EFBC}") = "Study.Web.Api.Integration.Tests", "Study.Web.Api.Integration.Tests\Study.Web.Api.Integration.Tests.csproj", "{FEA9809D-EB9F-4F60-B245-9A7CBB04A04D}"
EndProject
Global
	GlobalSection(SolutionConfigurationPlatforms) = preSolution
		Debug|Any CPU = Debug|Any CPU
		Release|Any CPU = Release|Any CPU
	EndGlobalSection
	GlobalSection(ProjectConfigurationPlatforms) = postSolution
		{75FBBFA1-6999-4BDD-99D6-11E85BCB0D2B}.Debug|Any CPU.ActiveCfg = Debug|Any CPU
		{75FBBFA1-6999-4BDD-99D6-11E85BCB0D2B}.Debug|Any CPU.Build.0 = Debug|Any CPU
		{75FBBFA1-6999-4BDD-99D6-11E85BCB0D2B}.Release|Any CPU.ActiveCfg = Release|Any CPU
		{75FBBFA1-6999-4BDD-99D6-11E85BCB0D2B}.Release|Any CPU.Build.0 = Release|Any CPU
		{FEA9809D-EB9F-4F60-B245-9A7CBB04A04D}.Debug|Any CPU.ActiveCfg = Debug|Any CPU
		{FEA9809D-EB9F-4F60-B245-9A7CBB04A04D}.Debug|Any CPU.Build.0 = Debug|Any CPU
		{FEA9809D-EB9F-4F60-B245-9A7CBB04A04D}.Release|Any CPU.ActiveCfg = Release|Any CPU
		{FEA9809D-EB9F-4F60-B245-9A7CBB04A04D}.Release|Any CPU.Build.0 = Release|Any CPU
	EndGlobalSection
EndGlobal
